// !$*UTF8*$!
{
	archiveVersion = 1;
	classes = {
	};
	objectVersion = 50;
	objects = {

/* Begin PBXBuildFile section */
		40301DA220E6CCCD005FCD58 /* FullArticle.swift in Sources */ = {isa = PBXBuildFile; fileRef = 40301DA120E6CCCD005FCD58 /* FullArticle.swift */; };
		4077470D20D85A4300ADC47E /* AppDelegate.swift in Sources */ = {isa = PBXBuildFile; fileRef = 4077470C20D85A4300ADC47E /* AppDelegate.swift */; };
		4077470F20D85A4300ADC47E /* ViewController.swift in Sources */ = {isa = PBXBuildFile; fileRef = 4077470E20D85A4300ADC47E /* ViewController.swift */; };
		4077471220D85A4300ADC47E /* Main.storyboard in Resources */ = {isa = PBXBuildFile; fileRef = 4077471020D85A4300ADC47E /* Main.storyboard */; };
		4077471520D85A4300ADC47E /* PrismicPractice.xcdatamodeld in Sources */ = {isa = PBXBuildFile; fileRef = 4077471320D85A4300ADC47E /* PrismicPractice.xcdatamodeld */; };
		4077471720D85A4500ADC47E /* Assets.xcassets in Resources */ = {isa = PBXBuildFile; fileRef = 4077471620D85A4500ADC47E /* Assets.xcassets */; };
		4077471A20D85A4500ADC47E /* LaunchScreen.storyboard in Resources */ = {isa = PBXBuildFile; fileRef = 4077471820D85A4500ADC47E /* LaunchScreen.storyboard */; };
		40B58BE220EB06C7005CEC8B /* ArticleCollectionViewCell.swift in Sources */ = {isa = PBXBuildFile; fileRef = 40B58BE120EB06C7005CEC8B /* ArticleCollectionViewCell.swift */; };
		C629EEC0940E51A59EB4796C /* Pods_PrismicPractice.framework in Frameworks */ = {isa = PBXBuildFile; fileRef = 6558FD0CE2FF79952EE5E934 /* Pods_PrismicPractice.framework */; };
/* End PBXBuildFile section */

/* Begin PBXFileReference section */
		3D367577ADC158B802C4515A /* Pods-PrismicPractice.release.xcconfig */ = {isa = PBXFileReference; includeInIndex = 1; lastKnownFileType = text.xcconfig; name = "Pods-PrismicPractice.release.xcconfig"; path = "Pods/Target Support Files/Pods-PrismicPractice/Pods-PrismicPractice.release.xcconfig"; sourceTree = "<group>"; };
		40301DA120E6CCCD005FCD58 /* FullArticle.swift */ = {isa = PBXFileReference; lastKnownFileType = sourcecode.swift; path = FullArticle.swift; sourceTree = "<group>"; };
		4077470920D85A4300ADC47E /* PrismicPractice.app */ = {isa = PBXFileReference; explicitFileType = wrapper.application; includeInIndex = 0; path = PrismicPractice.app; sourceTree = BUILT_PRODUCTS_DIR; };
		4077470C20D85A4300ADC47E /* AppDelegate.swift */ = {isa = PBXFileReference; lastKnownFileType = sourcecode.swift; path = AppDelegate.swift; sourceTree = "<group>"; };
		4077470E20D85A4300ADC47E /* ViewController.swift */ = {isa = PBXFileReference; lastKnownFileType = sourcecode.swift; path = ViewController.swift; sourceTree = "<group>"; };
		4077471120D85A4300ADC47E /* Base */ = {isa = PBXFileReference; lastKnownFileType = file.storyboard; name = Base; path = Base.lproj/Main.storyboard; sourceTree = "<group>"; };
		4077471420D85A4300ADC47E /* PrismicPractice.xcdatamodel */ = {isa = PBXFileReference; lastKnownFileType = wrapper.xcdatamodel; path = PrismicPractice.xcdatamodel; sourceTree = "<group>"; };
		4077471620D85A4500ADC47E /* Assets.xcassets */ = {isa = PBXFileReference; lastKnownFileType = folder.assetcatalog; path = Assets.xcassets; sourceTree = "<group>"; };
		4077471920D85A4500ADC47E /* Base */ = {isa = PBXFileReference; lastKnownFileType = file.storyboard; name = Base; path = Base.lproj/LaunchScreen.storyboard; sourceTree = "<group>"; };
		4077471B20D85A4500ADC47E /* Info.plist */ = {isa = PBXFileReference; lastKnownFileType = text.plist.xml; path = Info.plist; sourceTree = "<group>"; };
		40B58BE120EB06C7005CEC8B /* ArticleCollectionViewCell.swift */ = {isa = PBXFileReference; lastKnownFileType = sourcecode.swift; path = ArticleCollectionViewCell.swift; sourceTree = "<group>"; };
		6558FD0CE2FF79952EE5E934 /* Pods_PrismicPractice.framework */ = {isa = PBXFileReference; explicitFileType = wrapper.framework; includeInIndex = 0; path = Pods_PrismicPractice.framework; sourceTree = BUILT_PRODUCTS_DIR; };
		D5C40364828E8C33B3028006 /* Pods-PrismicPractice.debug.xcconfig */ = {isa = PBXFileReference; includeInIndex = 1; lastKnownFileType = text.xcconfig; name = "Pods-PrismicPractice.debug.xcconfig"; path = "Pods/Target Support Files/Pods-PrismicPractice/Pods-PrismicPractice.debug.xcconfig"; sourceTree = "<group>"; };
/* End PBXFileReference section */

/* Begin PBXFrameworksBuildPhase section */
		4077470620D85A4300ADC47E /* Frameworks */ = {
			isa = PBXFrameworksBuildPhase;
			buildActionMask = 2147483647;
			files = (
				C629EEC0940E51A59EB4796C /* Pods_PrismicPractice.framework in Frameworks */,
			);
			runOnlyForDeploymentPostprocessing = 0;
		};
/* End PBXFrameworksBuildPhase section */

/* Begin PBXGroup section */
		4077470020D85A4300ADC47E = {
			isa = PBXGroup;
			children = (
				4077470B20D85A4300ADC47E /* PrismicPractice */,
				4077470A20D85A4300ADC47E /* Products */,
				942B893CB82EE1C640B33963 /* Pods */,
				D00821BD1013D922E07E4530 /* Frameworks */,
			);
			sourceTree = "<group>";
		};
		4077470A20D85A4300ADC47E /* Products */ = {
			isa = PBXGroup;
			children = (
				4077470920D85A4300ADC47E /* PrismicPractice.app */,
			);
			name = Products;
			sourceTree = "<group>";
		};
		4077470B20D85A4300ADC47E /* PrismicPractice */ = {
			isa = PBXGroup;
			children = (
				4077470C20D85A4300ADC47E /* AppDelegate.swift */,
				40B58BE320EB06D3005CEC8B /* Article */,
				4077471020D85A4300ADC47E /* Main.storyboard */,
				4077471620D85A4500ADC47E /* Assets.xcassets */,
				4077471820D85A4500ADC47E /* LaunchScreen.storyboard */,
				4077471B20D85A4500ADC47E /* Info.plist */,
				4077471320D85A4300ADC47E /* PrismicPractice.xcdatamodeld */,
			);
			path = PrismicPractice;
			sourceTree = "<group>";
		};
		40B58BE320EB06D3005CEC8B /* Article */ = {
			isa = PBXGroup;
			children = (
				40301DA120E6CCCD005FCD58 /* FullArticle.swift */,
				4077470E20D85A4300ADC47E /* ViewController.swift */,
				40B58BE120EB06C7005CEC8B /* ArticleCollectionViewCell.swift */,
			);
			path = Article;
			sourceTree = "<group>";
		};
		942B893CB82EE1C640B33963 /* Pods */ = {
			isa = PBXGroup;
			children = (
				D5C40364828E8C33B3028006 /* Pods-PrismicPractice.debug.xcconfig */,
				3D367577ADC158B802C4515A /* Pods-PrismicPractice.release.xcconfig */,
			);
			name = Pods;
			sourceTree = "<group>";
		};
		D00821BD1013D922E07E4530 /* Frameworks */ = {
			isa = PBXGroup;
			children = (
				6558FD0CE2FF79952EE5E934 /* Pods_PrismicPractice.framework */,
			);
			name = Frameworks;
			sourceTree = "<group>";
		};
/* End PBXGroup section */

/* Begin PBXNativeTarget section */
		4077470820D85A4300ADC47E /* PrismicPractice */ = {
			isa = PBXNativeTarget;
			buildConfigurationList = 4077471E20D85A4500ADC47E /* Build configuration list for PBXNativeTarget "PrismicPractice" */;
			buildPhases = (
				7A2E062D6C80F8A7F1842F15 /* [CP] Check Pods Manifest.lock */,
				4077470520D85A4300ADC47E /* Sources */,
				4077470620D85A4300ADC47E /* Frameworks */,
				4077470720D85A4300ADC47E /* Resources */,
				7A0F711A337D630C73EF6734 /* [CP] Embed Pods Frameworks */,
			);
			buildRules = (
			);
			dependencies = (
			);
			name = PrismicPractice;
			productName = PrismicPractice;
			productReference = 4077470920D85A4300ADC47E /* PrismicPractice.app */;
			productType = "com.apple.product-type.application";
		};
/* End PBXNativeTarget section */

/* Begin PBXProject section */
		4077470120D85A4300ADC47E /* Project object */ = {
			isa = PBXProject;
			attributes = {
				LastSwiftUpdateCheck = 0940;
				LastUpgradeCheck = 0940;
				ORGANIZATIONNAME = "Keanu Freitas";
				TargetAttributes = {
					4077470820D85A4300ADC47E = {
						CreatedOnToolsVersion = 9.4.1;
					};
				};
			};
			buildConfigurationList = 4077470420D85A4300ADC47E /* Build configuration list for PBXProject "PrismicPractice" */;
			compatibilityVersion = "Xcode 9.3";
			developmentRegion = en;
			hasScannedForEncodings = 0;
			knownRegions = (
				en,
				Base,
			);
			mainGroup = 4077470020D85A4300ADC47E;
			productRefGroup = 4077470A20D85A4300ADC47E /* Products */;
			projectDirPath = "";
			projectRoot = "";
			targets = (
				4077470820D85A4300ADC47E /* PrismicPractice */,
			);
		};
/* End PBXProject section */

/* Begin PBXResourcesBuildPhase section */
		4077470720D85A4300ADC47E /* Resources */ = {
			isa = PBXResourcesBuildPhase;
			buildActionMask = 2147483647;
			files = (
				4077471A20D85A4500ADC47E /* LaunchScreen.storyboard in Resources */,
				4077471720D85A4500ADC47E /* Assets.xcassets in Resources */,
				4077471220D85A4300ADC47E /* Main.storyboard in Resources */,
			);
			runOnlyForDeploymentPostprocessing = 0;
		};
/* End PBXResourcesBuildPhase section */

/* Begin PBXShellScriptBuildPhase section */
		7A0F711A337D630C73EF6734 /* [CP] Embed Pods Frameworks */ = {
			isa = PBXShellScriptBuildPhase;
			buildActionMask = 2147483647;
			files = (
			);
			inputPaths = (
				"${SRCROOT}/Pods/Target Support Files/Pods-PrismicPractice/Pods-PrismicPractice-frameworks.sh",
				"${BUILT_PRODUCTS_DIR}/Alamofire/Alamofire.framework",
				"${BUILT_PRODUCTS_DIR}/Siesta/Siesta.framework",
			);
			name = "[CP] Embed Pods Frameworks";
			outputPaths = (
				"${TARGET_BUILD_DIR}/${FRAMEWORKS_FOLDER_PATH}/Alamofire.framework",
				"${TARGET_BUILD_DIR}/${FRAMEWORKS_FOLDER_PATH}/Siesta.framework",
			);
			runOnlyForDeploymentPostprocessing = 0;
			shellPath = /bin/sh;
			shellScript = "\"${SRCROOT}/Pods/Target Support Files/Pods-PrismicPractice/Pods-PrismicPractice-frameworks.sh\"\n";
			showEnvVarsInLog = 0;
		};
		7A2E062D6C80F8A7F1842F15 /* [CP] Check Pods Manifest.lock */ = {
			isa = PBXShellScriptBuildPhase;
			buildActionMask = 2147483647;
			files = (
			);
			inputPaths = (
				"${PODS_PODFILE_DIR_PATH}/Podfile.lock",
				"${PODS_ROOT}/Manifest.lock",
			);
			name = "[CP] Check Pods Manifest.lock";
			outputPaths = (
				"$(DERIVED_FILE_DIR)/Pods-PrismicPractice-checkManifestLockResult.txt",
			);
			runOnlyForDeploymentPostprocessing = 0;
			shellPath = /bin/sh;
			shellScript = "diff \"${PODS_PODFILE_DIR_PATH}/Podfile.lock\" \"${PODS_ROOT}/Manifest.lock\" > /dev/null\nif [ $? != 0 ] ; then\n    # print error to STDERR\n    echo \"error: The sandbox is not in sync with the Podfile.lock. Run 'pod install' or update your CocoaPods installation.\" >&2\n    exit 1\nfi\n# This output is used by Xcode 'outputs' to avoid re-running this script phase.\necho \"SUCCESS\" > \"${SCRIPT_OUTPUT_FILE_0}\"\n";
			showEnvVarsInLog = 0;
		};
/* End PBXShellScriptBuildPhase section */

/* Begin PBXSourcesBuildPhase section */
		4077470520D85A4300ADC47E /* Sources */ = {
			isa = PBXSourcesBuildPhase;
			buildActionMask = 2147483647;
			files = (
				4077471520D85A4300ADC47E /* PrismicPractice.xcdatamodeld in Sources */,
				4077470F20D85A4300ADC47E /* ViewController.swift in Sources */,
				40B58BE220EB06C7005CEC8B /* ArticleCollectionViewCell.swift in Sources */,
				4077470D20D85A4300ADC47E /* AppDelegate.swift in Sources */,
				40301DA220E6CCCD005FCD58 /* FullArticle.swift in Sources */,
			);
			runOnlyForDeploymentPostprocessing = 0;
		};
/* End PBXSourcesBuildPhase section */

/* Begin PBXVariantGroup section */
		4077471020D85A4300ADC47E /* Main.storyboard */ = {
			isa = PBXVariantGroup;
			children = (
				4077471120D85A4300ADC47E /* Base */,
			);
			name = Main.storyboard;
			sourceTree = "<group>";
		};
		4077471820D85A4500ADC47E /* LaunchScreen.storyboard */ = {
			isa = PBXVariantGroup;
			children = (
				4077471920D85A4500ADC47E /* Base */,
			);
			name = LaunchScreen.storyboard;
			sourceTree = "<group>";
		};
/* End PBXVariantGroup section */

/* Begin XCBuildConfiguration section */
		4077471C20D85A4500ADC47E /* Debug */ = {
			isa = XCBuildConfiguration;
			buildSettings = {
				ALWAYS_SEARCH_USER_PATHS = NO;
				CLANG_ANALYZER_NONNULL = YES;
				CLANG_ANALYZER_NUMBER_OBJECT_CONVERSION = YES_AGGRESSIVE;
				CLANG_CXX_LANGUAGE_STANDARD = "gnu++14";
				CLANG_CXX_LIBRARY = "libc++";
				CLANG_ENABLE_MODULES = YES;
				CLANG_ENABLE_OBJC_ARC = YES;
				CLANG_ENABLE_OBJC_WEAK = YES;
				CLANG_WARN_BLOCK_CAPTURE_AUTORELEASING = YES;
				CLANG_WARN_BOOL_CONVERSION = YES;
				CLANG_WARN_COMMA = YES;
				CLANG_WARN_CONSTANT_CONVERSION = YES;
				CLANG_WARN_DEPRECATED_OBJC_IMPLEMENTATIONS = YES;
				CLANG_WARN_DIRECT_OBJC_ISA_USAGE = YES_ERROR;
				CLANG_WARN_DOCUMENTATION_COMMENTS = YES;
				CLANG_WARN_EMPTY_BODY = YES;
				CLANG_WARN_ENUM_CONVERSION = YES;
				CLANG_WARN_INFINITE_RECURSION = YES;
				CLANG_WARN_INT_CONVERSION = YES;
				CLANG_WARN_NON_LITERAL_NULL_CONVERSION = YES;
				CLANG_WARN_OBJC_IMPLICIT_RETAIN_SELF = YES;
				CLANG_WARN_OBJC_LITERAL_CONVERSION = YES;
				CLANG_WARN_OBJC_ROOT_CLASS = YES_ERROR;
				CLANG_WARN_RANGE_LOOP_ANALYSIS = YES;
				CLANG_WARN_STRICT_PROTOTYPES = YES;
				CLANG_WARN_SUSPICIOUS_MOVE = YES;
				CLANG_WARN_UNGUARDED_AVAILABILITY = YES_AGGRESSIVE;
				CLANG_WARN_UNREACHABLE_CODE = YES;
				CLANG_WARN__DUPLICATE_METHOD_MATCH = YES;
				CODE_SIGN_IDENTITY = "iPhone Developer";
				COPY_PHASE_STRIP = NO;
				DEBUG_INFORMATION_FORMAT = dwarf;
				ENABLE_STRICT_OBJC_MSGSEND = YES;
				ENABLE_TESTABILITY = YES;
				GCC_C_LANGUAGE_STANDARD = gnu11;
				GCC_DYNAMIC_NO_PIC = NO;
				GCC_NO_COMMON_BLOCKS = YES;
				GCC_OPTIMIZATION_LEVEL = 0;
				GCC_PREPROCESSOR_DEFINITIONS = (
					"DEBUG=1",
					"$(inherited)",
				);
				GCC_WARN_64_TO_32_BIT_CONVERSION = YES;
				GCC_WARN_ABOUT_RETURN_TYPE = YES_ERROR;
				GCC_WARN_UNDECLARED_SELECTOR = YES;
				GCC_WARN_UNINITIALIZED_AUTOS = YES_AGGRESSIVE;
				GCC_WARN_UNUSED_FUNCTION = YES;
				GCC_WARN_UNUSED_VARIABLE = YES;
				IPHONEOS_DEPLOYMENT_TARGET = 11.4;
				MTL_ENABLE_DEBUG_INFO = YES;
				ONLY_ACTIVE_ARCH = YES;
				SDKROOT = iphoneos;
				SWIFT_ACTIVE_COMPILATION_CONDITIONS = DEBUG;
				SWIFT_OPTIMIZATION_LEVEL = "-Onone";
			};
			name = Debug;
		};
		4077471D20D85A4500ADC47E /* Release */ = {
			isa = XCBuildConfiguration;
			buildSettings = {
				ALWAYS_SEARCH_USER_PATHS = NO;
				CLANG_ANALYZER_NONNULL = YES;
				CLANG_ANALYZER_NUMBER_OBJECT_CONVERSION = YES_AGGRESSIVE;
				CLANG_CXX_LANGUAGE_STANDARD = "gnu++14";
				CLANG_CXX_LIBRARY = "libc++";
				CLANG_ENABLE_MODULES = YES;
				CLANG_ENABLE_OBJC_ARC = YES;
				CLANG_ENABLE_OBJC_WEAK = YES;
				CLANG_WARN_BLOCK_CAPTURE_AUTORELEASING = YES;
				CLANG_WARN_BOOL_CONVERSION = YES;
				CLANG_WARN_COMMA = YES;
				CLANG_WARN_CONSTANT_CONVERSION = YES;
				CLANG_WARN_DEPRECATED_OBJC_IMPLEMENTATIONS = YES;
				CLANG_WARN_DIRECT_OBJC_ISA_USAGE = YES_ERROR;
				CLANG_WARN_DOCUMENTATION_COMMENTS = YES;
				CLANG_WARN_EMPTY_BODY = YES;
				CLANG_WARN_ENUM_CONVERSION = YES;
				CLANG_WARN_INFINITE_RECURSION = YES;
				CLANG_WARN_INT_CONVERSION = YES;
				CLANG_WARN_NON_LITERAL_NULL_CONVERSION = YES;
				CLANG_WARN_OBJC_IMPLICIT_RETAIN_SELF = YES;
				CLANG_WARN_OBJC_LITERAL_CONVERSION = YES;
				CLANG_WARN_OBJC_ROOT_CLASS = YES_ERROR;
				CLANG_WARN_RANGE_LOOP_ANALYSIS = YES;
				CLANG_WARN_STRICT_PROTOTYPES = YES;
				CLANG_WARN_SUSPICIOUS_MOVE = YES;
				CLANG_WARN_UNGUARDED_AVAILABILITY = YES_AGGRESSIVE;
				CLANG_WARN_UNREACHABLE_CODE = YES;
				CLANG_WARN__DUPLICATE_METHOD_MATCH = YES;
				CODE_SIGN_IDENTITY = "iPhone Developer";
				COPY_PHASE_STRIP = NO;
				DEBUG_INFORMATION_FORMAT = "dwarf-with-dsym";
				ENABLE_NS_ASSERTIONS = NO;
				ENABLE_STRICT_OBJC_MSGSEND = YES;
				GCC_C_LANGUAGE_STANDARD = gnu11;
				GCC_NO_COMMON_BLOCKS = YES;
				GCC_WARN_64_TO_32_BIT_CONVERSION = YES;
				GCC_WARN_ABOUT_RETURN_TYPE = YES_ERROR;
				GCC_WARN_UNDECLARED_SELECTOR = YES;
				GCC_WARN_UNINITIALIZED_AUTOS = YES_AGGRESSIVE;
				GCC_WARN_UNUSED_FUNCTION = YES;
				GCC_WARN_UNUSED_VARIABLE = YES;
				IPHONEOS_DEPLOYMENT_TARGET = 11.4;
				MTL_ENABLE_DEBUG_INFO = NO;
				SDKROOT = iphoneos;
				SWIFT_COMPILATION_MODE = wholemodule;
				SWIFT_OPTIMIZATION_LEVEL = "-O";
				VALIDATE_PRODUCT = YES;
			};
			name = Release;
		};
		4077471F20D85A4500ADC47E /* Debug */ = {
			isa = XCBuildConfiguration;
			baseConfigurationReference = D5C40364828E8C33B3028006 /* Pods-PrismicPractice.debug.xcconfig */;
			buildSettings = {
				ASSETCATALOG_COMPILER_APPICON_NAME = AppIcon;
				CODE_SIGN_STYLE = Automatic;
				DEVELOPMENT_TEAM = QP8GT3R6RF;
				INFOPLIST_FILE = PrismicPractice/Info.plist;
				LD_RUNPATH_SEARCH_PATHS = (
					"$(inherited)",
					"@executable_path/Frameworks",
				);
				PRODUCT_BUNDLE_IDENTIFIER = com.keanuf.PrismicPractice;
				PRODUCT_NAME = "$(TARGET_NAME)";
				SWIFT_VERSION = 4.0;
				TARGETED_DEVICE_FAMILY = "1,2";
			};
			name = Debug;
		};
		4077472020D85A4500ADC47E /* Release */ = {
			isa = XCBuildConfiguration;
			baseConfigurationReference = 3D367577ADC158B802C4515A /* Pods-PrismicPractice.release.xcconfig */;
			buildSettings = {
				ASSETCATALOG_COMPILER_APPICON_NAME = AppIcon;
				CODE_SIGN_STYLE = Automatic;
				DEVELOPMENT_TEAM = QP8GT3R6RF;
				INFOPLIST_FILE = PrismicPractice/Info.plist;
				LD_RUNPATH_SEARCH_PATHS = (
					"$(inherited)",
					"@executable_path/Frameworks",
				);
				PRODUCT_BUNDLE_IDENTIFIER = com.keanuf.PrismicPractice;
				PRODUCT_NAME = "$(TARGET_NAME)";
				SWIFT_VERSION = 4.0;
				TARGETED_DEVICE_FAMILY = "1,2";
			};
			name = Release;
		};
/* End XCBuildConfiguration section */

/* Begin XCConfigurationList section */
		4077470420D85A4300ADC47E /* Build configuration list for PBXProject "PrismicPractice" */ = {
			isa = XCConfigurationList;
			buildConfigurations = (
				4077471C20D85A4500ADC47E /* Debug */,
				4077471D20D85A4500ADC47E /* Release */,
			);
			defaultConfigurationIsVisible = 0;
			defaultConfigurationName = Release;
		};
		4077471E20D85A4500ADC47E /* Build configuration list for PBXNativeTarget "PrismicPractice" */ = {
			isa = XCConfigurationList;
			buildConfigurations = (
				4077471F20D85A4500ADC47E /* Debug */,
				4077472020D85A4500ADC47E /* Release */,
			);
			defaultConfigurationIsVisible = 0;
			defaultConfigurationName = Release;
		};
/* End XCConfigurationList section */

/* Begin XCVersionGroup section */
		4077471320D85A4300ADC47E /* PrismicPractice.xcdatamodeld */ = {
			isa = XCVersionGroup;
			children = (
				4077471420D85A4300ADC47E /* PrismicPractice.xcdatamodel */,
			);
			currentVersion = 4077471420D85A4300ADC47E /* PrismicPractice.xcdatamodel */;
			path = PrismicPractice.xcdatamodeld;
			sourceTree = "<group>";
			versionGroupType = wrapper.xcdatamodel;
		};
/* End XCVersionGroup section */
	};
	rootObject = 4077470120D85A4300ADC47E /* Project object */;
}
