// !$*UTF8*$!
{
	archiveVersion = 1;
	classes = {
	};
	objectVersion = 50;
	objects = {

/* Begin PBXBuildFile section */
		4079E86A20E5986800C74ABA /* AppDelegate.swift in Sources */ = {isa = PBXBuildFile; fileRef = 4079E86920E5986800C74ABA /* AppDelegate.swift */; };
		4079E86C20E5986800C74ABA /* ViewController.swift in Sources */ = {isa = PBXBuildFile; fileRef = 4079E86B20E5986800C74ABA /* ViewController.swift */; };
		4079E86F20E5986800C74ABA /* Main.storyboard in Resources */ = {isa = PBXBuildFile; fileRef = 4079E86D20E5986800C74ABA /* Main.storyboard */; };
		4079E87220E5986800C74ABA /* webviewWealthfitTest.xcdatamodeld in Sources */ = {isa = PBXBuildFile; fileRef = 4079E87020E5986800C74ABA /* webviewWealthfitTest.xcdatamodeld */; };
		4079E87420E5986D00C74ABA /* Assets.xcassets in Resources */ = {isa = PBXBuildFile; fileRef = 4079E87320E5986D00C74ABA /* Assets.xcassets */; };
		4079E87720E5986D00C74ABA /* LaunchScreen.storyboard in Resources */ = {isa = PBXBuildFile; fileRef = 4079E87520E5986D00C74ABA /* LaunchScreen.storyboard */; };
/* End PBXBuildFile section */

/* Begin PBXFileReference section */
		4079E86620E5986800C74ABA /* webviewWealthfitTest.app */ = {isa = PBXFileReference; explicitFileType = wrapper.application; includeInIndex = 0; path = webviewWealthfitTest.app; sourceTree = BUILT_PRODUCTS_DIR; };
		4079E86920E5986800C74ABA /* AppDelegate.swift */ = {isa = PBXFileReference; lastKnownFileType = sourcecode.swift; path = AppDelegate.swift; sourceTree = "<group>"; };
		4079E86B20E5986800C74ABA /* ViewController.swift */ = {isa = PBXFileReference; lastKnownFileType = sourcecode.swift; path = ViewController.swift; sourceTree = "<group>"; };
		4079E86E20E5986800C74ABA /* Base */ = {isa = PBXFileReference; lastKnownFileType = file.storyboard; name = Base; path = Base.lproj/Main.storyboard; sourceTree = "<group>"; };
		4079E87120E5986800C74ABA /* webviewWealthfitTest.xcdatamodel */ = {isa = PBXFileReference; lastKnownFileType = wrapper.xcdatamodel; path = webviewWealthfitTest.xcdatamodel; sourceTree = "<group>"; };
		4079E87320E5986D00C74ABA /* Assets.xcassets */ = {isa = PBXFileReference; lastKnownFileType = folder.assetcatalog; path = Assets.xcassets; sourceTree = "<group>"; };
		4079E87620E5986D00C74ABA /* Base */ = {isa = PBXFileReference; lastKnownFileType = file.storyboard; name = Base; path = Base.lproj/LaunchScreen.storyboard; sourceTree = "<group>"; };
		4079E87820E5986D00C74ABA /* Info.plist */ = {isa = PBXFileReference; lastKnownFileType = text.plist.xml; path = Info.plist; sourceTree = "<group>"; };
/* End PBXFileReference section */

/* Begin PBXFrameworksBuildPhase section */
		4079E86320E5986800C74ABA /* Frameworks */ = {
			isa = PBXFrameworksBuildPhase;
			buildActionMask = 2147483647;
			files = (
			);
			runOnlyForDeploymentPostprocessing = 0;
		};
/* End PBXFrameworksBuildPhase section */

/* Begin PBXGroup section */
		4079E85D20E5986800C74ABA = {
			isa = PBXGroup;
			children = (
				4079E86820E5986800C74ABA /* webviewWealthfitTest */,
				4079E86720E5986800C74ABA /* Products */,
			);
			sourceTree = "<group>";
		};
		4079E86720E5986800C74ABA /* Products */ = {
			isa = PBXGroup;
			children = (
				4079E86620E5986800C74ABA /* webviewWealthfitTest.app */,
			);
			name = Products;
			sourceTree = "<group>";
		};
		4079E86820E5986800C74ABA /* webviewWealthfitTest */ = {
			isa = PBXGroup;
			children = (
				4079E86920E5986800C74ABA /* AppDelegate.swift */,
				4079E86B20E5986800C74ABA /* ViewController.swift */,
				4079E86D20E5986800C74ABA /* Main.storyboard */,
				4079E87320E5986D00C74ABA /* Assets.xcassets */,
				4079E87520E5986D00C74ABA /* LaunchScreen.storyboard */,
				4079E87820E5986D00C74ABA /* Info.plist */,
				4079E87020E5986800C74ABA /* webviewWealthfitTest.xcdatamodeld */,
			);
			path = webviewWealthfitTest;
			sourceTree = "<group>";
		};
/* End PBXGroup section */

/* Begin PBXNativeTarget section */
		4079E86520E5986800C74ABA /* webviewWealthfitTest */ = {
			isa = PBXNativeTarget;
			buildConfigurationList = 4079E87B20E5986D00C74ABA /* Build configuration list for PBXNativeTarget "webviewWealthfitTest" */;
			buildPhases = (
				4079E86220E5986800C74ABA /* Sources */,
				4079E86320E5986800C74ABA /* Frameworks */,
				4079E86420E5986800C74ABA /* Resources */,
			);
			buildRules = (
			);
			dependencies = (
			);
			name = webviewWealthfitTest;
			productName = webviewWealthfitTest;
			productReference = 4079E86620E5986800C74ABA /* webviewWealthfitTest.app */;
			productType = "com.apple.product-type.application";
		};
/* End PBXNativeTarget section */

/* Begin PBXProject section */
		4079E85E20E5986800C74ABA /* Project object */ = {
			isa = PBXProject;
			attributes = {
				LastSwiftUpdateCheck = 0940;
				LastUpgradeCheck = 0940;
				ORGANIZATIONNAME = "Keanu Freitas";
				TargetAttributes = {
					4079E86520E5986800C74ABA = {
						CreatedOnToolsVersion = 9.4.1;
					};
				};
			};
			buildConfigurationList = 4079E86120E5986800C74ABA /* Build configuration list for PBXProject "webviewWealthfitTest" */;
			compatibilityVersion = "Xcode 9.3";
			developmentRegion = en;
			hasScannedForEncodings = 0;
			knownRegions = (
				en,
				Base,
			);
			mainGroup = 4079E85D20E5986800C74ABA;
			productRefGroup = 4079E86720E5986800C74ABA /* Products */;
			projectDirPath = "";
			projectRoot = "";
			targets = (
				4079E86520E5986800C74ABA /* webviewWealthfitTest */,
			);
		};
/* End PBXProject section */

/* Begin PBXResourcesBuildPhase section */
		4079E86420E5986800C74ABA /* Resources */ = {
			isa = PBXResourcesBuildPhase;
			buildActionMask = 2147483647;
			files = (
				4079E87720E5986D00C74ABA /* LaunchScreen.storyboard in Resources */,
				4079E87420E5986D00C74ABA /* Assets.xcassets in Resources */,
				4079E86F20E5986800C74ABA /* Main.storyboard in Resources */,
			);
			runOnlyForDeploymentPostprocessing = 0;
		};
/* End PBXResourcesBuildPhase section */

/* Begin PBXSourcesBuildPhase section */
		4079E86220E5986800C74ABA /* Sources */ = {
			isa = PBXSourcesBuildPhase;
			buildActionMask = 2147483647;
			files = (
				4079E86C20E5986800C74ABA /* ViewController.swift in Sources */,
				4079E87220E5986800C74ABA /* webviewWealthfitTest.xcdatamodeld in Sources */,
				4079E86A20E5986800C74ABA /* AppDelegate.swift in Sources */,
			);
			runOnlyForDeploymentPostprocessing = 0;
		};
/* End PBXSourcesBuildPhase section */

/* Begin PBXVariantGroup section */
		4079E86D20E5986800C74ABA /* Main.storyboard */ = {
			isa = PBXVariantGroup;
			children = (
				4079E86E20E5986800C74ABA /* Base */,
			);
			name = Main.storyboard;
			sourceTree = "<group>";
		};
		4079E87520E5986D00C74ABA /* LaunchScreen.storyboard */ = {
			isa = PBXVariantGroup;
			children = (
				4079E87620E5986D00C74ABA /* Base */,
			);
			name = LaunchScreen.storyboard;
			sourceTree = "<group>";
		};
/* End PBXVariantGroup section */

/* Begin XCBuildConfiguration section */
		4079E87920E5986D00C74ABA /* Debug */ = {
			isa = XCBuildConfiguration;
			buildSettings = {
				ALWAYS_SEARCH_USER_PATHS = NO;
				CLANG_ANALYZER_NONNULL = YES;
				CLANG_ANALYZER_NUMBER_OBJECT_CONVERSION = YES_AGGRESSIVE;
				CLANG_CXX_LANGUAGE_STANDARD = "gnu++14";
				CLANG_CXX_LIBRARY = "libc++";
				CLANG_ENABLE_MODULES = YES;
				CLANG_ENABLE_OBJC_ARC = YES;
				CLANG_ENABLE_OBJC_WEAK = YES;
				CLANG_WARN_BLOCK_CAPTURE_AUTORELEASING = YES;
				CLANG_WARN_BOOL_CONVERSION = YES;
				CLANG_WARN_COMMA = YES;
				CLANG_WARN_CONSTANT_CONVERSION = YES;
				CLANG_WARN_DEPRECATED_OBJC_IMPLEMENTATIONS = YES;
				CLANG_WARN_DIRECT_OBJC_ISA_USAGE = YES_ERROR;
				CLANG_WARN_DOCUMENTATION_COMMENTS = YES;
				CLANG_WARN_EMPTY_BODY = YES;
				CLANG_WARN_ENUM_CONVERSION = YES;
				CLANG_WARN_INFINITE_RECURSION = YES;
				CLANG_WARN_INT_CONVERSION = YES;
				CLANG_WARN_NON_LITERAL_NULL_CONVERSION = YES;
				CLANG_WARN_OBJC_IMPLICIT_RETAIN_SELF = YES;
				CLANG_WARN_OBJC_LITERAL_CONVERSION = YES;
				CLANG_WARN_OBJC_ROOT_CLASS = YES_ERROR;
				CLANG_WARN_RANGE_LOOP_ANALYSIS = YES;
				CLANG_WARN_STRICT_PROTOTYPES = YES;
				CLANG_WARN_SUSPICIOUS_MOVE = YES;
				CLANG_WARN_UNGUARDED_AVAILABILITY = YES_AGGRESSIVE;
				CLANG_WARN_UNREACHABLE_CODE = YES;
				CLANG_WARN__DUPLICATE_METHOD_MATCH = YES;
				CODE_SIGN_IDENTITY = "iPhone Developer";
				COPY_PHASE_STRIP = NO;
				DEBUG_INFORMATION_FORMAT = dwarf;
				ENABLE_STRICT_OBJC_MSGSEND = YES;
				ENABLE_TESTABILITY = YES;
				GCC_C_LANGUAGE_STANDARD = gnu11;
				GCC_DYNAMIC_NO_PIC = NO;
				GCC_NO_COMMON_BLOCKS = YES;
				GCC_OPTIMIZATION_LEVEL = 0;
				GCC_PREPROCESSOR_DEFINITIONS = (
					"DEBUG=1",
					"$(inherited)",
				);
				GCC_WARN_64_TO_32_BIT_CONVERSION = YES;
				GCC_WARN_ABOUT_RETURN_TYPE = YES_ERROR;
				GCC_WARN_UNDECLARED_SELECTOR = YES;
				GCC_WARN_UNINITIALIZED_AUTOS = YES_AGGRESSIVE;
				GCC_WARN_UNUSED_FUNCTION = YES;
				GCC_WARN_UNUSED_VARIABLE = YES;
				IPHONEOS_DEPLOYMENT_TARGET = 11.4;
				MTL_ENABLE_DEBUG_INFO = YES;
				ONLY_ACTIVE_ARCH = YES;
				SDKROOT = iphoneos;
				SWIFT_ACTIVE_COMPILATION_CONDITIONS = DEBUG;
				SWIFT_OPTIMIZATION_LEVEL = "-Onone";
			};
			name = Debug;
		};
		4079E87A20E5986D00C74ABA /* Release */ = {
			isa = XCBuildConfiguration;
			buildSettings = {
				ALWAYS_SEARCH_USER_PATHS = NO;
				CLANG_ANALYZER_NONNULL = YES;
				CLANG_ANALYZER_NUMBER_OBJECT_CONVERSION = YES_AGGRESSIVE;
				CLANG_CXX_LANGUAGE_STANDARD = "gnu++14";
				CLANG_CXX_LIBRARY = "libc++";
				CLANG_ENABLE_MODULES = YES;
				CLANG_ENABLE_OBJC_ARC = YES;
				CLANG_ENABLE_OBJC_WEAK = YES;
				CLANG_WARN_BLOCK_CAPTURE_AUTORELEASING = YES;
				CLANG_WARN_BOOL_CONVERSION = YES;
				CLANG_WARN_COMMA = YES;
				CLANG_WARN_CONSTANT_CONVERSION = YES;
				CLANG_WARN_DEPRECATED_OBJC_IMPLEMENTATIONS = YES;
				CLANG_WARN_DIRECT_OBJC_ISA_USAGE = YES_ERROR;
				CLANG_WARN_DOCUMENTATION_COMMENTS = YES;
				CLANG_WARN_EMPTY_BODY = YES;
				CLANG_WARN_ENUM_CONVERSION = YES;
				CLANG_WARN_INFINITE_RECURSION = YES;
				CLANG_WARN_INT_CONVERSION = YES;
				CLANG_WARN_NON_LITERAL_NULL_CONVERSION = YES;
				CLANG_WARN_OBJC_IMPLICIT_RETAIN_SELF = YES;
				CLANG_WARN_OBJC_LITERAL_CONVERSION = YES;
				CLANG_WARN_OBJC_ROOT_CLASS = YES_ERROR;
				CLANG_WARN_RANGE_LOOP_ANALYSIS = YES;
				CLANG_WARN_STRICT_PROTOTYPES = YES;
				CLANG_WARN_SUSPICIOUS_MOVE = YES;
				CLANG_WARN_UNGUARDED_AVAILABILITY = YES_AGGRESSIVE;
				CLANG_WARN_UNREACHABLE_CODE = YES;
				CLANG_WARN__DUPLICATE_METHOD_MATCH = YES;
				CODE_SIGN_IDENTITY = "iPhone Developer";
				COPY_PHASE_STRIP = NO;
				DEBUG_INFORMATION_FORMAT = "dwarf-with-dsym";
				ENABLE_NS_ASSERTIONS = NO;
				ENABLE_STRICT_OBJC_MSGSEND = YES;
				GCC_C_LANGUAGE_STANDARD = gnu11;
				GCC_NO_COMMON_BLOCKS = YES;
				GCC_WARN_64_TO_32_BIT_CONVERSION = YES;
				GCC_WARN_ABOUT_RETURN_TYPE = YES_ERROR;
				GCC_WARN_UNDECLARED_SELECTOR = YES;
				GCC_WARN_UNINITIALIZED_AUTOS = YES_AGGRESSIVE;
				GCC_WARN_UNUSED_FUNCTION = YES;
				GCC_WARN_UNUSED_VARIABLE = YES;
				IPHONEOS_DEPLOYMENT_TARGET = 11.4;
				MTL_ENABLE_DEBUG_INFO = NO;
				SDKROOT = iphoneos;
				SWIFT_COMPILATION_MODE = wholemodule;
				SWIFT_OPTIMIZATION_LEVEL = "-O";
				VALIDATE_PRODUCT = YES;
			};
			name = Release;
		};
		4079E87C20E5986D00C74ABA /* Debug */ = {
			isa = XCBuildConfiguration;
			buildSettings = {
				ASSETCATALOG_COMPILER_APPICON_NAME = AppIcon;
				CODE_SIGN_STYLE = Automatic;
				DEVELOPMENT_TEAM = QP8GT3R6RF;
				INFOPLIST_FILE = webviewWealthfitTest/Info.plist;
				LD_RUNPATH_SEARCH_PATHS = (
					"$(inherited)",
					"@executable_path/Frameworks",
				);
				PRODUCT_BUNDLE_IDENTIFIER = com.keanuf.webviewWealthfitTest;
				PRODUCT_NAME = "$(TARGET_NAME)";
				SWIFT_VERSION = 4.0;
				TARGETED_DEVICE_FAMILY = "1,2";
			};
			name = Debug;
		};
		4079E87D20E5986D00C74ABA /* Release */ = {
			isa = XCBuildConfiguration;
			buildSettings = {
				ASSETCATALOG_COMPILER_APPICON_NAME = AppIcon;
				CODE_SIGN_STYLE = Automatic;
				DEVELOPMENT_TEAM = QP8GT3R6RF;
				INFOPLIST_FILE = webviewWealthfitTest/Info.plist;
				LD_RUNPATH_SEARCH_PATHS = (
					"$(inherited)",
					"@executable_path/Frameworks",
				);
				PRODUCT_BUNDLE_IDENTIFIER = com.keanuf.webviewWealthfitTest;
				PRODUCT_NAME = "$(TARGET_NAME)";
				SWIFT_VERSION = 4.0;
				TARGETED_DEVICE_FAMILY = "1,2";
			};
			name = Release;
		};
/* End XCBuildConfiguration section */

/* Begin XCConfigurationList section */
		4079E86120E5986800C74ABA /* Build configuration list for PBXProject "webviewWealthfitTest" */ = {
			isa = XCConfigurationList;
			buildConfigurations = (
				4079E87920E5986D00C74ABA /* Debug */,
				4079E87A20E5986D00C74ABA /* Release */,
			);
			defaultConfigurationIsVisible = 0;
			defaultConfigurationName = Release;
		};
		4079E87B20E5986D00C74ABA /* Build configuration list for PBXNativeTarget "webviewWealthfitTest" */ = {
			isa = XCConfigurationList;
			buildConfigurations = (
				4079E87C20E5986D00C74ABA /* Debug */,
				4079E87D20E5986D00C74ABA /* Release */,
			);
			defaultConfigurationIsVisible = 0;
			defaultConfigurationName = Release;
		};
/* End XCConfigurationList section */

/* Begin XCVersionGroup section */
		4079E87020E5986800C74ABA /* webviewWealthfitTest.xcdatamodeld */ = {
			isa = XCVersionGroup;
			children = (
				4079E87120E5986800C74ABA /* webviewWealthfitTest.xcdatamodel */,
			);
			currentVersion = 4079E87120E5986800C74ABA /* webviewWealthfitTest.xcdatamodel */;
			path = webviewWealthfitTest.xcdatamodeld;
			sourceTree = "<group>";
			versionGroupType = wrapper.xcdatamodel;
		};
/* End XCVersionGroup section */
	};
	rootObject = 4079E85E20E5986800C74ABA /* Project object */;
}
